
Microsoft Visual Studio Solution File, Format Version 12.00
# Visual Studio Version 17
VisualStudioVersion = 17.9.34723.18
MinimumVisualStudioVersion = 10.0.40219.1
Project("{FAE04EC0-301F-11D3-BF4B-00C04F79EFBC}") = "Lecture6Lists", "Lecture6Lists\Lecture6Lists.csproj", "{38A97865-4D3C-4A98-805A-8E71201070D1}"
EndProject
Global
	GlobalSection(SolutionConfigurationPlatforms) = preSolution
		Debug|Any CPU = Debug|Any CPU
		Release|Any CPU = Release|Any CPU
	EndGlobalSection
	GlobalSection(ProjectConfigurationPlatforms) = postSolution
		{38A97865-4D3C-4A98-805A-8E71201070D1}.Debug|Any CPU.ActiveCfg = Debug|Any CPU
		{38A97865-4D3C-4A98-805A-8E71201070D1}.Debug|Any CPU.Build.0 = Debug|Any CPU
		{38A97865-4D3C-4A98-805A-8E71201070D1}.Release|Any CPU.ActiveCfg = Release|Any CPU
		{38A97865-4D3C-4A98-805A-8E71201070D1}.Release|Any CPU.Build.0 = Release|Any CPU
	EndGlobalSection
	GlobalSection(SolutionProperties) = preSolution
		HideSolutionNode = FALSE
	EndGlobalSection
	GlobalSection(ExtensibilityGlobals) = postSolution
		SolutionGuid = {B4052469-02FF-4BA8-8CC2-FFED060B6B60}
	EndGlobalSection
EndGlobal
